// !$*UTF8*$!
{
	archiveVersion = 1;
	classes = {
	};
	objectVersion = 46;
	objects = {

/* Begin PBXBuildFile section */
		5F3B375D168388FF0009ACA8 /* UIKit.framework in Frameworks */ = {isa = PBXBuildFile; fileRef = 5F3B375C168388FF0009ACA8 /* UIKit.framework */; };
		5F3B375F168388FF0009ACA8 /* Foundation.framework in Frameworks */ = {isa = PBXBuildFile; fileRef = 5F3B375E168388FF0009ACA8 /* Foundation.framework */; };
		5F3B3761168388FF0009ACA8 /* CoreGraphics.framework in Frameworks */ = {isa = PBXBuildFile; fileRef = 5F3B3760168388FF0009ACA8 /* CoreGraphics.framework */; };
		5F3B3767168389000009ACA8 /* InfoPlist.strings in Resources */ = {isa = PBXBuildFile; fileRef = 5F3B3765168389000009ACA8 /* InfoPlist.strings */; };
		5F3B3769168389000009ACA8 /* main.m in Sources */ = {isa = PBXBuildFile; fileRef = 5F3B3768168389000009ACA8 /* main.m */; };
		5F3B376D168389010009ACA8 /* JPAppDelegate.m in Sources */ = {isa = PBXBuildFile; fileRef = 5F3B376C168389010009ACA8 /* JPAppDelegate.m */; };
		5F3B376F168389010009ACA8 /* Default.png in Resources */ = {isa = PBXBuildFile; fileRef = 5F3B376E168389010009ACA8 /* Default.png */; };
		5F3B3771168389010009ACA8 /* Default@2x.png in Resources */ = {isa = PBXBuildFile; fileRef = 5F3B3770168389010009ACA8 /* Default@2x.png */; };
		5F3B3773168389010009ACA8 /* Default-568h@2x.png in Resources */ = {isa = PBXBuildFile; fileRef = 5F3B3772168389010009ACA8 /* Default-568h@2x.png */; };
		5F3B3776168389010009ACA8 /* MainStoryboard_iPhone.storyboard in Resources */ = {isa = PBXBuildFile; fileRef = 5F3B3774168389010009ACA8 /* MainStoryboard_iPhone.storyboard */; };
		5F3B3779168389010009ACA8 /* MainStoryboard_iPad.storyboard in Resources */ = {isa = PBXBuildFile; fileRef = 5F3B3777168389010009ACA8 /* MainStoryboard_iPad.storyboard */; };
		5F3B377C168389010009ACA8 /* JPViewController.m in Sources */ = {isa = PBXBuildFile; fileRef = 5F3B377B168389010009ACA8 /* JPViewController.m */; };
		5F3B3785168389010009ACA8 /* UIKit.framework in Frameworks */ = {isa = PBXBuildFile; fileRef = 5F3B375C168388FF0009ACA8 /* UIKit.framework */; };
		5F3B3786168389010009ACA8 /* Foundation.framework in Frameworks */ = {isa = PBXBuildFile; fileRef = 5F3B375E168388FF0009ACA8 /* Foundation.framework */; };
		5F3B378E168389010009ACA8 /* InfoPlist.strings in Resources */ = {isa = PBXBuildFile; fileRef = 5F3B378C168389010009ACA8 /* InfoPlist.strings */; };
		5F3B3791168389020009ACA8 /* JeopardyHostTests.m in Sources */ = {isa = PBXBuildFile; fileRef = 5F3B3790168389020009ACA8 /* JeopardyHostTests.m */; };
		5F3B37E61684D60F0009ACA8 /* JPGridView.m in Sources */ = {isa = PBXBuildFile; fileRef = 5F3B37E51684D60F0009ACA8 /* JPGridView.m */; };
		5F3B37E91684D61D0009ACA8 /* JPGridCell.m in Sources */ = {isa = PBXBuildFile; fileRef = 5F3B37E81684D61D0009ACA8 /* JPGridCell.m */; };
		5F3B37FF1684D7410009ACA8 /* JPNetworkManager.m in Sources */ = {isa = PBXBuildFile; fileRef = 5F3B37FE1684D7410009ACA8 /* JPNetworkManager.m */; };
		5F3B380D1684F10E0009ACA8 /* Games.plist in Resources */ = {isa = PBXBuildFile; fileRef = 5F3B380C1684F10E0009ACA8 /* Games.plist */; };
		5F9D21241687E84D0013422C /* JPGameListViewController.m in Sources */ = {isa = PBXBuildFile; fileRef = 5F9D21231687E84D0013422C /* JPGameListViewController.m */; };
		83A54E1811D346E7B78507A8 /* libPods.a in Frameworks */ = {isa = PBXBuildFile; fileRef = FA002DA0369C4127BB8C64C5 /* libPods.a */; };
/* End PBXBuildFile section */

/* Begin PBXContainerItemProxy section */
		5F3B3787168389010009ACA8 /* PBXContainerItemProxy */ = {
			isa = PBXContainerItemProxy;
			containerPortal = 5F3B374F168388FF0009ACA8 /* Project object */;
			proxyType = 1;
			remoteGlobalIDString = 5F3B3757168388FF0009ACA8;
			remoteInfo = JeopardyHost;
		};
/* End PBXContainerItemProxy section */

/* Begin PBXFileReference section */
		1191832DEDE922E22972430C /* Pods.release.xcconfig */ = {isa = PBXFileReference; includeInIndex = 1; lastKnownFileType = text.xcconfig; name = Pods.release.xcconfig; path = "Pods/Target Support Files/Pods/Pods.release.xcconfig"; sourceTree = "<group>"; };
		5F3B3758168388FF0009ACA8 /* JeopardyHost.app */ = {isa = PBXFileReference; explicitFileType = wrapper.application; includeInIndex = 0; path = JeopardyHost.app; sourceTree = BUILT_PRODUCTS_DIR; };
		5F3B375C168388FF0009ACA8 /* UIKit.framework */ = {isa = PBXFileReference; lastKnownFileType = wrapper.framework; name = UIKit.framework; path = System/Library/Frameworks/UIKit.framework; sourceTree = SDKROOT; };
		5F3B375E168388FF0009ACA8 /* Foundation.framework */ = {isa = PBXFileReference; lastKnownFileType = wrapper.framework; name = Foundation.framework; path = System/Library/Frameworks/Foundation.framework; sourceTree = SDKROOT; };
		5F3B3760168388FF0009ACA8 /* CoreGraphics.framework */ = {isa = PBXFileReference; lastKnownFileType = wrapper.framework; name = CoreGraphics.framework; path = System/Library/Frameworks/CoreGraphics.framework; sourceTree = SDKROOT; };
		5F3B3764168389000009ACA8 /* JeopardyHost-Info.plist */ = {isa = PBXFileReference; lastKnownFileType = text.plist.xml; path = "JeopardyHost-Info.plist"; sourceTree = "<group>"; };
		5F3B3766168389000009ACA8 /* en */ = {isa = PBXFileReference; lastKnownFileType = text.plist.strings; name = en; path = en.lproj/InfoPlist.strings; sourceTree = "<group>"; };
		5F3B3768168389000009ACA8 /* main.m */ = {isa = PBXFileReference; lastKnownFileType = sourcecode.c.objc; path = main.m; sourceTree = "<group>"; };
		5F3B376A168389010009ACA8 /* JeopardyHost-Prefix.pch */ = {isa = PBXFileReference; lastKnownFileType = sourcecode.c.h; path = "JeopardyHost-Prefix.pch"; sourceTree = "<group>"; };
		5F3B376B168389010009ACA8 /* JPAppDelegate.h */ = {isa = PBXFileReference; lastKnownFileType = sourcecode.c.h; path = JPAppDelegate.h; sourceTree = "<group>"; };
		5F3B376C168389010009ACA8 /* JPAppDelegate.m */ = {isa = PBXFileReference; lastKnownFileType = sourcecode.c.objc; path = JPAppDelegate.m; sourceTree = "<group>"; };
		5F3B376E168389010009ACA8 /* Default.png */ = {isa = PBXFileReference; lastKnownFileType = image.png; path = Default.png; sourceTree = "<group>"; };
		5F3B3770168389010009ACA8 /* Default@2x.png */ = {isa = PBXFileReference; lastKnownFileType = image.png; path = "Default@2x.png"; sourceTree = "<group>"; };
		5F3B3772168389010009ACA8 /* Default-568h@2x.png */ = {isa = PBXFileReference; lastKnownFileType = image.png; path = "Default-568h@2x.png"; sourceTree = "<group>"; };
		5F3B3775168389010009ACA8 /* en */ = {isa = PBXFileReference; lastKnownFileType = file.storyboard; name = en; path = en.lproj/MainStoryboard_iPhone.storyboard; sourceTree = "<group>"; };
		5F3B3778168389010009ACA8 /* en */ = {isa = PBXFileReference; lastKnownFileType = file.storyboard; name = en; path = en.lproj/MainStoryboard_iPad.storyboard; sourceTree = "<group>"; };
		5F3B377A168389010009ACA8 /* JPViewController.h */ = {isa = PBXFileReference; lastKnownFileType = sourcecode.c.h; path = JPViewController.h; sourceTree = "<group>"; };
		5F3B377B168389010009ACA8 /* JPViewController.m */ = {isa = PBXFileReference; lastKnownFileType = sourcecode.c.objc; path = JPViewController.m; sourceTree = "<group>"; };
		5F3B3782168389010009ACA8 /* JeopardyHostTests.octest */ = {isa = PBXFileReference; explicitFileType = wrapper.cfbundle; includeInIndex = 0; path = JeopardyHostTests.octest; sourceTree = BUILT_PRODUCTS_DIR; };
		5F3B378B168389010009ACA8 /* JeopardyHostTests-Info.plist */ = {isa = PBXFileReference; lastKnownFileType = text.plist.xml; path = "JeopardyHostTests-Info.plist"; sourceTree = "<group>"; };
		5F3B378D168389010009ACA8 /* en */ = {isa = PBXFileReference; lastKnownFileType = text.plist.strings; name = en; path = en.lproj/InfoPlist.strings; sourceTree = "<group>"; };
		5F3B378F168389010009ACA8 /* JeopardyHostTests.h */ = {isa = PBXFileReference; lastKnownFileType = sourcecode.c.h; path = JeopardyHostTests.h; sourceTree = "<group>"; };
		5F3B3790168389020009ACA8 /* JeopardyHostTests.m */ = {isa = PBXFileReference; lastKnownFileType = sourcecode.c.objc; path = JeopardyHostTests.m; sourceTree = "<group>"; };
		5F3B37E41684D60F0009ACA8 /* JPGridView.h */ = {isa = PBXFileReference; fileEncoding = 4; lastKnownFileType = sourcecode.c.h; path = JPGridView.h; sourceTree = "<group>"; };
		5F3B37E51684D60F0009ACA8 /* JPGridView.m */ = {isa = PBXFileReference; fileEncoding = 4; lastKnownFileType = sourcecode.c.objc; path = JPGridView.m; sourceTree = "<group>"; };
		5F3B37E71684D61D0009ACA8 /* JPGridCell.h */ = {isa = PBXFileReference; fileEncoding = 4; lastKnownFileType = sourcecode.c.h; path = JPGridCell.h; sourceTree = "<group>"; };
		5F3B37E81684D61D0009ACA8 /* JPGridCell.m */ = {isa = PBXFileReference; fileEncoding = 4; lastKnownFileType = sourcecode.c.objc; path = JPGridCell.m; sourceTree = "<group>"; };
		5F3B37FD1684D7410009ACA8 /* JPNetworkManager.h */ = {isa = PBXFileReference; fileEncoding = 4; lastKnownFileType = sourcecode.c.h; path = JPNetworkManager.h; sourceTree = "<group>"; };
		5F3B37FE1684D7410009ACA8 /* JPNetworkManager.m */ = {isa = PBXFileReference; fileEncoding = 4; lastKnownFileType = sourcecode.c.objc; path = JPNetworkManager.m; sourceTree = "<group>"; };
		5F3B380C1684F10E0009ACA8 /* Games.plist */ = {isa = PBXFileReference; fileEncoding = 4; lastKnownFileType = text.plist.xml; path = Games.plist; sourceTree = "<group>"; };
		5F9D21221687E84D0013422C /* JPGameListViewController.h */ = {isa = PBXFileReference; fileEncoding = 4; lastKnownFileType = sourcecode.c.h; path = JPGameListViewController.h; sourceTree = "<group>"; };
		5F9D21231687E84D0013422C /* JPGameListViewController.m */ = {isa = PBXFileReference; fileEncoding = 4; lastKnownFileType = sourcecode.c.objc; path = JPGameListViewController.m; sourceTree = "<group>"; };
		F1BDD69FDFD2002D70750941 /* Pods.debug.xcconfig */ = {isa = PBXFileReference; includeInIndex = 1; lastKnownFileType = text.xcconfig; name = Pods.debug.xcconfig; path = "Pods/Target Support Files/Pods/Pods.debug.xcconfig"; sourceTree = "<group>"; };
		FA002DA0369C4127BB8C64C5 /* libPods.a */ = {isa = PBXFileReference; explicitFileType = archive.ar; includeInIndex = 0; path = libPods.a; sourceTree = BUILT_PRODUCTS_DIR; };
/* End PBXFileReference section */

/* Begin PBXFrameworksBuildPhase section */
		5F3B3755168388FF0009ACA8 /* Frameworks */ = {
			isa = PBXFrameworksBuildPhase;
			buildActionMask = 2147483647;
			files = (
				5F3B375D168388FF0009ACA8 /* UIKit.framework in Frameworks */,
				5F3B375F168388FF0009ACA8 /* Foundation.framework in Frameworks */,
				5F3B3761168388FF0009ACA8 /* CoreGraphics.framework in Frameworks */,
				83A54E1811D346E7B78507A8 /* libPods.a in Frameworks */,
			);
			runOnlyForDeploymentPostprocessing = 0;
		};
		5F3B377E168389010009ACA8 /* Frameworks */ = {
			isa = PBXFrameworksBuildPhase;
			buildActionMask = 2147483647;
			files = (
				5F3B3785168389010009ACA8 /* UIKit.framework in Frameworks */,
				5F3B3786168389010009ACA8 /* Foundation.framework in Frameworks */,
			);
			runOnlyForDeploymentPostprocessing = 0;
		};
/* End PBXFrameworksBuildPhase section */

/* Begin PBXGroup section */
		5F3B374D168388FF0009ACA8 = {
			isa = PBXGroup;
			children = (
				5F3B3762168388FF0009ACA8 /* JeopardyHost */,
				5F3B3789168389010009ACA8 /* JeopardyHostTests */,
				5F3B375B168388FF0009ACA8 /* Frameworks */,
				5F3B3759168388FF0009ACA8 /* Products */,
				998B716F9C817E5D75C8F145 /* Pods */,
			);
			sourceTree = "<group>";
		};
		5F3B3759168388FF0009ACA8 /* Products */ = {
			isa = PBXGroup;
			children = (
				5F3B3758168388FF0009ACA8 /* JeopardyHost.app */,
				5F3B3782168389010009ACA8 /* JeopardyHostTests.octest */,
			);
			name = Products;
			sourceTree = "<group>";
		};
		5F3B375B168388FF0009ACA8 /* Frameworks */ = {
			isa = PBXGroup;
			children = (
				5F3B375C168388FF0009ACA8 /* UIKit.framework */,
				5F3B375E168388FF0009ACA8 /* Foundation.framework */,
				5F3B3760168388FF0009ACA8 /* CoreGraphics.framework */,
				FA002DA0369C4127BB8C64C5 /* libPods.a */,
			);
			name = Frameworks;
			sourceTree = "<group>";
		};
		5F3B3762168388FF0009ACA8 /* JeopardyHost */ = {
			isa = PBXGroup;
			children = (
				5F3B37EA1684D6220009ACA8 /* Grid View */,
				5F3B376B168389010009ACA8 /* JPAppDelegate.h */,
				5F3B376C168389010009ACA8 /* JPAppDelegate.m */,
				5F3B3774168389010009ACA8 /* MainStoryboard_iPhone.storyboard */,
				5F3B3777168389010009ACA8 /* MainStoryboard_iPad.storyboard */,
				5F3B377A168389010009ACA8 /* JPViewController.h */,
				5F3B377B168389010009ACA8 /* JPViewController.m */,
				5F3B37FD1684D7410009ACA8 /* JPNetworkManager.h */,
				5F3B37FE1684D7410009ACA8 /* JPNetworkManager.m */,
				5F9D21221687E84D0013422C /* JPGameListViewController.h */,
				5F9D21231687E84D0013422C /* JPGameListViewController.m */,
				5F3B3763168389000009ACA8 /* Supporting Files */,
			);
			path = JeopardyHost;
			sourceTree = "<group>";
		};
		5F3B3763168389000009ACA8 /* Supporting Files */ = {
			isa = PBXGroup;
			children = (
				5F3B380B1684F0C40009ACA8 /* Board */,
				5F3B3764168389000009ACA8 /* JeopardyHost-Info.plist */,
				5F3B3765168389000009ACA8 /* InfoPlist.strings */,
				5F3B3768168389000009ACA8 /* main.m */,
				5F3B376A168389010009ACA8 /* JeopardyHost-Prefix.pch */,
				5F3B376E168389010009ACA8 /* Default.png */,
				5F3B3770168389010009ACA8 /* Default@2x.png */,
				5F3B3772168389010009ACA8 /* Default-568h@2x.png */,
			);
			name = "Supporting Files";
			sourceTree = "<group>";
		};
		5F3B3789168389010009ACA8 /* JeopardyHostTests */ = {
			isa = PBXGroup;
			children = (
				5F3B378F168389010009ACA8 /* JeopardyHostTests.h */,
				5F3B3790168389020009ACA8 /* JeopardyHostTests.m */,
				5F3B378A168389010009ACA8 /* Supporting Files */,
			);
			path = JeopardyHostTests;
			sourceTree = "<group>";
		};
		5F3B378A168389010009ACA8 /* Supporting Files */ = {
			isa = PBXGroup;
			children = (
				5F3B378B168389010009ACA8 /* JeopardyHostTests-Info.plist */,
				5F3B378C168389010009ACA8 /* InfoPlist.strings */,
			);
			name = "Supporting Files";
			sourceTree = "<group>";
		};
		5F3B37EA1684D6220009ACA8 /* Grid View */ = {
			isa = PBXGroup;
			children = (
				5F3B37E41684D60F0009ACA8 /* JPGridView.h */,
				5F3B37E51684D60F0009ACA8 /* JPGridView.m */,
				5F3B37E71684D61D0009ACA8 /* JPGridCell.h */,
				5F3B37E81684D61D0009ACA8 /* JPGridCell.m */,
			);
			name = "Grid View";
			sourceTree = "<group>";
		};
		5F3B380B1684F0C40009ACA8 /* Board */ = {
			isa = PBXGroup;
			children = (
				5F3B380C1684F10E0009ACA8 /* Games.plist */,
			);
			name = Board;
			sourceTree = "<group>";
		};
		998B716F9C817E5D75C8F145 /* Pods */ = {
			isa = PBXGroup;
			children = (
				F1BDD69FDFD2002D70750941 /* Pods.debug.xcconfig */,
				1191832DEDE922E22972430C /* Pods.release.xcconfig */,
			);
			name = Pods;
			sourceTree = "<group>";
		};
/* End PBXGroup section */

/* Begin PBXNativeTarget section */
		5F3B3757168388FF0009ACA8 /* JeopardyHost */ = {
			isa = PBXNativeTarget;
			buildConfigurationList = 5F3B3794168389020009ACA8 /* Build configuration list for PBXNativeTarget "JeopardyHost" */;
			buildPhases = (
				5F3B3754168388FF0009ACA8 /* Sources */,
				5F3B3755168388FF0009ACA8 /* Frameworks */,
				5F3B3756168388FF0009ACA8 /* Resources */,
				D0ACEF163C3244CDAF0BF954 /* Copy Pods Resources */,
			);
			buildRules = (
			);
			dependencies = (
			);
			name = JeopardyHost;
			productName = JeopardyHost;
			productReference = 5F3B3758168388FF0009ACA8 /* JeopardyHost.app */;
			productType = "com.apple.product-type.application";
		};
		5F3B3781168389010009ACA8 /* JeopardyHostTests */ = {
			isa = PBXNativeTarget;
			buildConfigurationList = 5F3B3797168389020009ACA8 /* Build configuration list for PBXNativeTarget "JeopardyHostTests" */;
			buildPhases = (
				5F3B377D168389010009ACA8 /* Sources */,
				5F3B377E168389010009ACA8 /* Frameworks */,
				5F3B377F168389010009ACA8 /* Resources */,
				5F3B3780168389010009ACA8 /* ShellScript */,
			);
			buildRules = (
			);
			dependencies = (
				5F3B3788168389010009ACA8 /* PBXTargetDependency */,
			);
			name = JeopardyHostTests;
			productName = JeopardyHostTests;
			productReference = 5F3B3782168389010009ACA8 /* JeopardyHostTests.octest */;
			productType = "com.apple.product-type.bundle.unit-test";
		};
/* End PBXNativeTarget section */

/* Begin PBXProject section */
		5F3B374F168388FF0009ACA8 /* Project object */ = {
			isa = PBXProject;
			attributes = {
				CLASSPREFIX = JP;
				LastTestingUpgradeCheck = 0630;
				LastUpgradeCheck = 0450;
				ORGANIZATIONNAME = "Parker Wightman Inc.";
			};
			buildConfigurationList = 5F3B3752168388FF0009ACA8 /* Build configuration list for PBXProject "JeopardyHost" */;
			compatibilityVersion = "Xcode 3.2";
			developmentRegion = English;
			hasScannedForEncodings = 0;
			knownRegions = (
				en,
			);
			mainGroup = 5F3B374D168388FF0009ACA8;
			productRefGroup = 5F3B3759168388FF0009ACA8 /* Products */;
			projectDirPath = "";
			projectRoot = "";
			targets = (
				5F3B3757168388FF0009ACA8 /* JeopardyHost */,
				5F3B3781168389010009ACA8 /* JeopardyHostTests */,
			);
		};
/* End PBXProject section */

/* Begin PBXResourcesBuildPhase section */
		5F3B3756168388FF0009ACA8 /* Resources */ = {
			isa = PBXResourcesBuildPhase;
			buildActionMask = 2147483647;
			files = (
				5F3B3767168389000009ACA8 /* InfoPlist.strings in Resources */,
				5F3B376F168389010009ACA8 /* Default.png in Resources */,
				5F3B3771168389010009ACA8 /* Default@2x.png in Resources */,
				5F3B3773168389010009ACA8 /* Default-568h@2x.png in Resources */,
				5F3B3776168389010009ACA8 /* MainStoryboard_iPhone.storyboard in Resources */,
				5F3B3779168389010009ACA8 /* MainStoryboard_iPad.storyboard in Resources */,
				5F3B380D1684F10E0009ACA8 /* Games.plist in Resources */,
			);
			runOnlyForDeploymentPostprocessing = 0;
		};
		5F3B377F168389010009ACA8 /* Resources */ = {
			isa = PBXResourcesBuildPhase;
			buildActionMask = 2147483647;
			files = (
				5F3B378E168389010009ACA8 /* InfoPlist.strings in Resources */,
			);
			runOnlyForDeploymentPostprocessing = 0;
		};
/* End PBXResourcesBuildPhase section */

/* Begin PBXShellScriptBuildPhase section */
		5F3B3780168389010009ACA8 /* ShellScript */ = {
			isa = PBXShellScriptBuildPhase;
			buildActionMask = 2147483647;
			files = (
			);
			inputPaths = (
			);
			outputPaths = (
			);
			runOnlyForDeploymentPostprocessing = 0;
			shellPath = /bin/sh;
			shellScript = "# Run the unit tests in this test bundle.\n\"${SYSTEM_DEVELOPER_DIR}/Tools/RunUnitTests\"\n";
		};
		D0ACEF163C3244CDAF0BF954 /* Copy Pods Resources */ = {
			isa = PBXShellScriptBuildPhase;
			buildActionMask = 2147483647;
			files = (
			);
			inputPaths = (
			);
			name = "Copy Pods Resources";
			outputPaths = (
			);
			runOnlyForDeploymentPostprocessing = 0;
			shellPath = /bin/sh;
			shellScript = "\"${SRCROOT}/Pods/Target Support Files/Pods/Pods-resources.sh\"\n";
		};
/* End PBXShellScriptBuildPhase section */

/* Begin PBXSourcesBuildPhase section */
		5F3B3754168388FF0009ACA8 /* Sources */ = {
			isa = PBXSourcesBuildPhase;
			buildActionMask = 2147483647;
			files = (
				5F3B3769168389000009ACA8 /* main.m in Sources */,
				5F3B376D168389010009ACA8 /* JPAppDelegate.m in Sources */,
				5F3B377C168389010009ACA8 /* JPViewController.m in Sources */,
				5F3B37E61684D60F0009ACA8 /* JPGridView.m in Sources */,
				5F3B37E91684D61D0009ACA8 /* JPGridCell.m in Sources */,
				5F3B37FF1684D7410009ACA8 /* JPNetworkManager.m in Sources */,
				5F9D21241687E84D0013422C /* JPGameListViewController.m in Sources */,
			);
			runOnlyForDeploymentPostprocessing = 0;
		};
		5F3B377D168389010009ACA8 /* Sources */ = {
			isa = PBXSourcesBuildPhase;
			buildActionMask = 2147483647;
			files = (
				5F3B3791168389020009ACA8 /* JeopardyHostTests.m in Sources */,
			);
			runOnlyForDeploymentPostprocessing = 0;
		};
/* End PBXSourcesBuildPhase section */

/* Begin PBXTargetDependency section */
		5F3B3788168389010009ACA8 /* PBXTargetDependency */ = {
			isa = PBXTargetDependency;
			target = 5F3B3757168388FF0009ACA8 /* JeopardyHost */;
			targetProxy = 5F3B3787168389010009ACA8 /* PBXContainerItemProxy */;
		};
/* End PBXTargetDependency section */

/* Begin PBXVariantGroup section */
		5F3B3765168389000009ACA8 /* InfoPlist.strings */ = {
			isa = PBXVariantGroup;
			children = (
				5F3B3766168389000009ACA8 /* en */,
			);
			name = InfoPlist.strings;
			sourceTree = "<group>";
		};
		5F3B3774168389010009ACA8 /* MainStoryboard_iPhone.storyboard */ = {
			isa = PBXVariantGroup;
			children = (
				5F3B3775168389010009ACA8 /* en */,
			);
			name = MainStoryboard_iPhone.storyboard;
			sourceTree = "<group>";
		};
		5F3B3777168389010009ACA8 /* MainStoryboard_iPad.storyboard */ = {
			isa = PBXVariantGroup;
			children = (
				5F3B3778168389010009ACA8 /* en */,
			);
			name = MainStoryboard_iPad.storyboard;
			sourceTree = "<group>";
		};
		5F3B378C168389010009ACA8 /* InfoPlist.strings */ = {
			isa = PBXVariantGroup;
			children = (
				5F3B378D168389010009ACA8 /* en */,
			);
			name = InfoPlist.strings;
			sourceTree = "<group>";
		};
/* End PBXVariantGroup section */

/* Begin XCBuildConfiguration section */
		5F3B3792168389020009ACA8 /* Debug */ = {
			isa = XCBuildConfiguration;
			buildSettings = {
				ALWAYS_SEARCH_USER_PATHS = NO;
				CLANG_CXX_LANGUAGE_STANDARD = "gnu++0x";
				CLANG_CXX_LIBRARY = "libc++";
				CLANG_ENABLE_OBJC_ARC = YES;
				CLANG_WARN_EMPTY_BODY = YES;
				CLANG_WARN__DUPLICATE_METHOD_MATCH = YES;
				"CODE_SIGN_IDENTITY[sdk=iphoneos*]" = "iPhone Developer";
				COPY_PHASE_STRIP = NO;
				GCC_C_LANGUAGE_STANDARD = gnu99;
				GCC_DYNAMIC_NO_PIC = NO;
				GCC_OPTIMIZATION_LEVEL = 0;
				GCC_PREPROCESSOR_DEFINITIONS = (
					"DEBUG=1",
					"$(inherited)",
				);
				GCC_SYMBOLS_PRIVATE_EXTERN = NO;
				GCC_WARN_ABOUT_RETURN_TYPE = YES;
				GCC_WARN_UNINITIALIZED_AUTOS = YES;
				GCC_WARN_UNUSED_VARIABLE = YES;
				IPHONEOS_DEPLOYMENT_TARGET = 6.0;
				ONLY_ACTIVE_ARCH = YES;
				SDKROOT = iphoneos;
				TARGETED_DEVICE_FAMILY = "1,2";
			};
			name = Debug;
		};
		5F3B3793168389020009ACA8 /* Release */ = {
			isa = XCBuildConfiguration;
			buildSettings = {
				ALWAYS_SEARCH_USER_PATHS = NO;
				CLANG_CXX_LANGUAGE_STANDARD = "gnu++0x";
				CLANG_CXX_LIBRARY = "libc++";
				CLANG_ENABLE_OBJC_ARC = YES;
				CLANG_WARN_EMPTY_BODY = YES;
				CLANG_WARN__DUPLICATE_METHOD_MATCH = YES;
				"CODE_SIGN_IDENTITY[sdk=iphoneos*]" = "iPhone Developer";
				COPY_PHASE_STRIP = YES;
				GCC_C_LANGUAGE_STANDARD = gnu99;
				GCC_WARN_ABOUT_RETURN_TYPE = YES;
				GCC_WARN_UNINITIALIZED_AUTOS = YES;
				GCC_WARN_UNUSED_VARIABLE = YES;
				IPHONEOS_DEPLOYMENT_TARGET = 6.0;
				OTHER_CFLAGS = "-DNS_BLOCK_ASSERTIONS=1";
				SDKROOT = iphoneos;
				TARGETED_DEVICE_FAMILY = "1,2";
				VALIDATE_PRODUCT = YES;
			};
			name = Release;
		};
		5F3B3795168389020009ACA8 /* Debug */ = {
			isa = XCBuildConfiguration;
			baseConfigurationReference = F1BDD69FDFD2002D70750941 /* Pods.debug.xcconfig */;
			buildSettings = {
				GCC_PRECOMPILE_PREFIX_HEADER = YES;
				GCC_PREFIX_HEADER = "JeopardyHost/JeopardyHost-Prefix.pch";
				INFOPLIST_FILE = "JeopardyHost/JeopardyHost-Info.plist";
				PRODUCT_NAME = "$(TARGET_NAME)";
				WRAPPER_EXTENSION = app;
			};
			name = Debug;
		};
		5F3B3796168389020009ACA8 /* Release */ = {
			isa = XCBuildConfiguration;
			baseConfigurationReference = 1191832DEDE922E22972430C /* Pods.release.xcconfig */;
			buildSettings = {
				GCC_PRECOMPILE_PREFIX_HEADER = YES;
				GCC_PREFIX_HEADER = "JeopardyHost/JeopardyHost-Prefix.pch";
				INFOPLIST_FILE = "JeopardyHost/JeopardyHost-Info.plist";
				PRODUCT_NAME = "$(TARGET_NAME)";
				WRAPPER_EXTENSION = app;
			};
			name = Release;
		};
		5F3B3798168389020009ACA8 /* Debug */ = {
			isa = XCBuildConfiguration;
			buildSettings = {
				BUNDLE_LOADER = "$(BUILT_PRODUCTS_DIR)/JeopardyHost.app/JeopardyHost";
				FRAMEWORK_SEARCH_PATHS = (
					"\"$(SDKROOT)/Developer/Library/Frameworks\"",
					"\"$(DEVELOPER_LIBRARY_DIR)/Frameworks\"",
					"$(inherited)",
				);
				GCC_PRECOMPILE_PREFIX_HEADER = YES;
				GCC_PREFIX_HEADER = "JeopardyHost/JeopardyHost-Prefix.pch";
				INFOPLIST_FILE = "JeopardyHostTests/JeopardyHostTests-Info.plist";
				PRODUCT_NAME = "$(TARGET_NAME)";
				TEST_HOST = "$(BUNDLE_LOADER)";
			};
			name = Debug;
		};
		5F3B3799168389020009ACA8 /* Release */ = {
			isa = XCBuildConfiguration;
			buildSettings = {
				BUNDLE_LOADER = "$(BUILT_PRODUCTS_DIR)/JeopardyHost.app/JeopardyHost";
				FRAMEWORK_SEARCH_PATHS = (
					"\"$(SDKROOT)/Developer/Library/Frameworks\"",
					"\"$(DEVELOPER_LIBRARY_DIR)/Frameworks\"",
					"$(inherited)",
				);
				GCC_PRECOMPILE_PREFIX_HEADER = YES;
				GCC_PREFIX_HEADER = "JeopardyHost/JeopardyHost-Prefix.pch";
				INFOPLIST_FILE = "JeopardyHostTests/JeopardyHostTests-Info.plist";
				PRODUCT_NAME = "$(TARGET_NAME)";
				TEST_HOST = "$(BUNDLE_LOADER)";
			};
			name = Release;
		};
/* End XCBuildConfiguration section */

/* Begin XCConfigurationList section */
		5F3B3752168388FF0009ACA8 /* Build configuration list for PBXProject "JeopardyHost" */ = {
			isa = XCConfigurationList;
			buildConfigurations = (
				5F3B3792168389020009ACA8 /* Debug */,
				5F3B3793168389020009ACA8 /* Release */,
			);
			defaultConfigurationIsVisible = 0;
			defaultConfigurationName = Release;
		};
		5F3B3794168389020009ACA8 /* Build configuration list for PBXNativeTarget "JeopardyHost" */ = {
			isa = XCConfigurationList;
			buildConfigurations = (
				5F3B3795168389020009ACA8 /* Debug */,
				5F3B3796168389020009ACA8 /* Release */,
			);
			defaultConfigurationIsVisible = 0;
			defaultConfigurationName = Release;
		};
		5F3B3797168389020009ACA8 /* Build configuration list for PBXNativeTarget "JeopardyHostTests" */ = {
			isa = XCConfigurationList;
			buildConfigurations = (
				5F3B3798168389020009ACA8 /* Debug */,
				5F3B3799168389020009ACA8 /* Release */,
			);
			defaultConfigurationIsVisible = 0;
			defaultConfigurationName = Release;
		};
/* End XCConfigurationList section */
	};
	rootObject = 5F3B374F168388FF0009ACA8 /* Project object */;
}
